
Microsoft Visual Studio Solution File, Format Version 12.00
# Visual Studio Version 16
VisualStudioVersion = 16.0.29503.13
MinimumVisualStudioVersion = 10.0.40219.1
Project("{FAE04EC0-301F-11D3-BF4B-00C04F79EFBC}") = "RPN", "RPN\RPN.csproj", "{B8152E17-763B-4BB7-8E61-E41F9B96ADF3}"
EndProject
Global
	GlobalSection(SolutionConfigurationPlatforms) = preSolution
		Debug|Any CPU = Debug|Any CPU
		Release|Any CPU = Release|Any CPU
	EndGlobalSection
	GlobalSection(ProjectConfigurationPlatforms) = postSolution
		{B8152E17-763B-4BB7-8E61-E41F9B96ADF3}.Debug|Any CPU.ActiveCfg = Debug|Any CPU
		{B8152E17-763B-4BB7-8E61-E41F9B96ADF3}.Debug|Any CPU.Build.0 = Debug|Any CPU
		{B8152E17-763B-4BB7-8E61-E41F9B96ADF3}.Release|Any CPU.ActiveCfg = Release|Any CPU
		{B8152E17-763B-4BB7-8E61-E41F9B96ADF3}.Release|Any CPU.Build.0 = Release|Any CPU
	EndGlobalSection
	GlobalSection(SolutionProperties) = preSolution
		HideSolutionNode = FALSE
	EndGlobalSection
	GlobalSection(ExtensibilityGlobals) = postSolution
		SolutionGuid = {2F71CBA4-BDE3-49D5-AFB4-5A494C1CE2AB}
	EndGlobalSection
EndGlobal
